{
  "name": "number-picker",
  "version": "1.0.0",
  "lockfileVersion": 1,
  "requires": true,
  "dependencies": {
    "@angular/forms": {
      "version": "6.0.3",
      "resolved": "https://registry.npmjs.org/@angular/forms/-/forms-6.0.3.tgz",
      "integrity": "sha512-YAjRMERggkzb3cIo8iKOz1xB89Ko4fSh4A1suqrv9o2Xu41Qxs6LwrWVW+6x+N5kBzvbKFZyADqSz1otMQP83Q==",
      "requires": {
        "tslib": "1.9.1"
      }
    },
    "bootstrap": {
      "version": "4.1.1",
      "resolved": "https://registry.npmjs.org/bootstrap/-/bootstrap-4.1.1.tgz",
      "integrity": "sha512-SpiDSOcbg4J/PjVSt4ny5eY6j74VbVSjROY4Fb/WIUXBV9cnb5luyR4KnPvNoXuGnBK1T+nJIWqRsvU3yP8Mcg=="
    },
    "tslib": {
      "version": "1.9.1",
      "resolved": "https://registry.npmjs.org/tslib/-/tslib-1.9.1.tgz",
      "integrity": "sha512-avfPS28HmGLLc2o4elcc2EIq2FcH++Yo5YxpBZi9Yw93BCTGFthI4HPE4Rpep6vSYQaK8e69PelM44tPj+RaQg=="
    }
  }
}
